// !$*UTF8*$!
{
	archiveVersion = 1;
	classes = {
	};
	objectVersion = 46;
	objects = {

/* Begin PBXBuildFile section */
		A01F595E1CA8D1A400DF65A9 /* main.m in Sources */ = {isa = PBXBuildFile; fileRef = A01F595D1CA8D1A400DF65A9 /* main.m */; };
		A01F59661CA8D3B100DF65A9 /* node.c in Sources */ = {isa = PBXBuildFile; fileRef = A01F59641CA8D3B100DF65A9 /* node.c */; };
/* End PBXBuildFile section */

/* Begin PBXCopyFilesBuildPhase section */
		A01F59581CA8D1A400DF65A9 /* CopyFiles */ = {
			isa = PBXCopyFilesBuildPhase;
			buildActionMask = 2147483647;
			dstPath = /usr/share/man/man1/;
			dstSubfolderSpec = 0;
			files = (
			);
			runOnlyForDeploymentPostprocessing = 1;
		};
/* End PBXCopyFilesBuildPhase section */

/* Begin PBXFileReference section */
		A01F595A1CA8D1A400DF65A9 /* rePrintList */ = {isa = PBXFileReference; explicitFileType = "compiled.mach-o.executable"; includeInIndex = 0; path = rePrintList; sourceTree = BUILT_PRODUCTS_DIR; };
		A01F595D1CA8D1A400DF65A9 /* main.m */ = {isa = PBXFileReference; lastKnownFileType = sourcecode.c.objc; path = main.m; sourceTree = "<group>"; };
		A01F59641CA8D3B100DF65A9 /* node.c */ = {isa = PBXFileReference; fileEncoding = 4; lastKnownFileType = sourcecode.c.c; path = node.c; sourceTree = "<group>"; };
		A01F59651CA8D3B100DF65A9 /* node.h */ = {isa = PBXFileReference; fileEncoding = 4; lastKnownFileType = sourcecode.c.h; path = node.h; sourceTree = "<group>"; };
/* End PBXFileReference section */

/* Begin PBXFrameworksBuildPhase section */
		A01F59571CA8D1A400DF65A9 /* Frameworks */ = {
			isa = PBXFrameworksBuildPhase;
			buildActionMask = 2147483647;
			files = (
			);
			runOnlyForDeploymentPostprocessing = 0;
		};
/* End PBXFrameworksBuildPhase section */

/* Begin PBXGroup section */
		A01F59511CA8D1A400DF65A9 = {
			isa = PBXGroup;
			children = (
				A01F595C1CA8D1A400DF65A9 /* rePrintList */,
				A01F595B1CA8D1A400DF65A9 /* Products */,
			);
			sourceTree = "<group>";
		};
		A01F595B1CA8D1A400DF65A9 /* Products */ = {
			isa = PBXGroup;
			children = (
				A01F595A1CA8D1A400DF65A9 /* rePrintList */,
			);
			name = Products;
			sourceTree = "<group>";
		};
		A01F595C1CA8D1A400DF65A9 /* rePrintList */ = {
			isa = PBXGroup;
			children = (
				A01F595D1CA8D1A400DF65A9 /* main.m */,
				A01F59641CA8D3B100DF65A9 /* node.c */,
				A01F59651CA8D3B100DF65A9 /* node.h */,
			);
			path = rePrintList;
			sourceTree = "<group>";
		};
/* End PBXGroup section */

/* Begin PBXNativeTarget section */
		A01F59591CA8D1A400DF65A9 /* rePrintList */ = {
			isa = PBXNativeTarget;
			buildConfigurationList = A01F59611CA8D1A400DF65A9 /* Build configuration list for PBXNativeTarget "rePrintList" */;
			buildPhases = (
				A01F59561CA8D1A400DF65A9 /* Sources */,
				A01F59571CA8D1A400DF65A9 /* Frameworks */,
				A01F59581CA8D1A400DF65A9 /* CopyFiles */,
			);
			buildRules = (
			);
			dependencies = (
			);
			name = rePrintList;
			productName = rePrintList;
			productReference = A01F595A1CA8D1A400DF65A9 /* rePrintList */;
			productType = "com.apple.product-type.tool";
		};
/* End PBXNativeTarget section */

/* Begin PBXProject section */
		A01F59521CA8D1A400DF65A9 /* Project object */ = {
			isa = PBXProject;
			attributes = {
				LastUpgradeCheck = 0730;
				ORGANIZATIONNAME = "陈培升";
				TargetAttributes = {
					A01F59591CA8D1A400DF65A9 = {
						CreatedOnToolsVersion = 7.3;
					};
				};
			};
			buildConfigurationList = A01F59551CA8D1A400DF65A9 /* Build configuration list for PBXProject "rePrintList" */;
			compatibilityVersion = "Xcode 3.2";
			developmentRegion = English;
			hasScannedForEncodings = 0;
			knownRegions = (
				en,
			);
			mainGroup = A01F59511CA8D1A400DF65A9;
			productRefGroup = A01F595B1CA8D1A400DF65A9 /* Products */;
			projectDirPath = "";
			projectRoot = "";
			targets = (
				A01F59591CA8D1A400DF65A9 /* rePrintList */,
			);
		};
/* End PBXProject section */

/* Begin PBXSourcesBuildPhase section */
		A01F59561CA8D1A400DF65A9 /* Sources */ = {
			isa = PBXSourcesBuildPhase;
			buildActionMask = 2147483647;
			files = (
				A01F595E1CA8D1A400DF65A9 /* main.m in Sources */,
				A01F59661CA8D3B100DF65A9 /* node.c in Sources */,
			);
			runOnlyForDeploymentPostprocessing = 0;
		};
/* End PBXSourcesBuildPhase section */

/* Begin XCBuildConfiguration section */
		A01F595F1CA8D1A400DF65A9 /* Debug */ = {
			isa = XCBuildConfiguration;
			buildSettings = {
				ALWAYS_SEARCH_USER_PATHS = NO;
				CLANG_ANALYZER_NONNULL = YES;
				CLANG_CXX_LANGUAGE_STANDARD = "gnu++0x";
				CLANG_CXX_LIBRARY = "libc++";
				CLANG_ENABLE_MODULES = YES;
				CLANG_ENABLE_OBJC_ARC = YES;
				CLANG_WARN_BOOL_CONVERSION = YES;
				CLANG_WARN_CONSTANT_CONVERSION = YES;
				CLANG_WARN_DIRECT_OBJC_ISA_USAGE = YES_ERROR;
				CLANG_WARN_EMPTY_BODY = YES;
				CLANG_WARN_ENUM_CONVERSION = YES;
				CLANG_WARN_INT_CONVERSION = YES;
				CLANG_WARN_OBJC_ROOT_CLASS = YES_ERROR;
				CLANG_WARN_UNREACHABLE_CODE = YES;
				CLANG_WARN__DUPLICATE_METHOD_MATCH = YES;
				CODE_SIGN_IDENTITY = "-";
				COPY_PHASE_STRIP = NO;
				DEBUG_INFORMATION_FORMAT = dwarf;
				ENABLE_STRICT_OBJC_MSGSEND = YES;
				ENABLE_TESTABILITY = YES;
				GCC_C_LANGUAGE_STANDARD = gnu99;
				GCC_DYNAMIC_NO_PIC = NO;
				GCC_NO_COMMON_BLOCKS = YES;
				GCC_OPTIMIZATION_LEVEL = 0;
				GCC_PREPROCESSOR_DEFINITIONS = (
					"DEBUG=1",
					"$(inherited)",
				);
				GCC_WARN_64_TO_32_BIT_CONVERSION = YES;
				GCC_WARN_ABOUT_RETURN_TYPE = YES_ERROR;
				GCC_WARN_UNDECLARED_SELECTOR = YES;
				GCC_WARN_UNINITIALIZED_AUTOS = YES_AGGRESSIVE;
				GCC_WARN_UNUSED_FUNCTION = YES;
				GCC_WARN_UNUSED_VARIABLE = YES;
				MACOSX_DEPLOYMENT_TARGET = 10.11;
				MTL_ENABLE_DEBUG_INFO = YES;
				ONLY_ACTIVE_ARCH = YES;
				SDKROOT = macosx;
			};
			name = Debug;
		};
		A01F59601CA8D1A400DF65A9 /* Release */ = {
			isa = XCBuildConfiguration;
			buildSettings = {
				ALWAYS_SEARCH_USER_PATHS = NO;
				CLANG_ANALYZER_NONNULL = YES;
				CLANG_CXX_LANGUAGE_STANDARD = "gnu++0x";
				CLANG_CXX_LIBRARY = "libc++";
				CLANG_ENABLE_MODULES = YES;
				CLANG_ENABLE_OBJC_ARC = YES;
				CLANG_WARN_BOOL_CONVERSION = YES;
				CLANG_WARN_CONSTANT_CONVERSION = YES;
				CLANG_WARN_DIRECT_OBJC_ISA_USAGE = YES_ERROR;
				CLANG_WARN_EMPTY_BODY = YES;
				CLANG_WARN_ENUM_CONVERSION = YES;
				CLANG_WARN_INT_CONVERSION = YES;
				CLANG_WARN_OBJC_ROOT_CLASS = YES_ERROR;
				CLANG_WARN_UNREACHABLE_CODE = YES;
				CLANG_WARN__DUPLICATE_METHOD_MATCH = YES;
				CODE_SIGN_IDENTITY = "-";
				COPY_PHASE_STRIP = NO;
				DEBUG_INFORMATION_FORMAT = "dwarf-with-dsym";
				ENABLE_NS_ASSERTIONS = NO;
				ENABLE_STRICT_OBJC_MSGSEND = YES;
				GCC_C_LANGUAGE_STANDARD = gnu99;
				GCC_NO_COMMON_BLOCKS = YES;
				GCC_WARN_64_TO_32_BIT_CONVERSION = YES;
				GCC_WARN_ABOUT_RETURN_TYPE = YES_ERROR;
				GCC_WARN_UNDECLARED_SELECTOR = YES;
				GCC_WARN_UNINITIALIZED_AUTOS = YES_AGGRESSIVE;
				GCC_WARN_UNUSED_FUNCTION = YES;
				GCC_WARN_UNUSED_VARIABLE = YES;
				MACOSX_DEPLOYMENT_TARGET = 10.11;
				MTL_ENABLE_DEBUG_INFO = NO;
				SDKROOT = macosx;
			};
			name = Release;
		};
		A01F59621CA8D1A400DF65A9 /* Debug */ = {
			isa = XCBuildConfiguration;
			buildSettings = {
				PRODUCT_NAME = "$(TARGET_NAME)";
			};
			name = Debug;
		};
		A01F59631CA8D1A400DF65A9 /* Release */ = {
			isa = XCBuildConfiguration;
			buildSettings = {
				PRODUCT_NAME = "$(TARGET_NAME)";
			};
			name = Release;
		};
/* End XCBuildConfiguration section */

/* Begin XCConfigurationList section */
		A01F59551CA8D1A400DF65A9 /* Build configuration list for PBXProject "rePrintList" */ = {
			isa = XCConfigurationList;
			buildConfigurations = (
				A01F595F1CA8D1A400DF65A9 /* Debug */,
				A01F59601CA8D1A400DF65A9 /* Release */,
			);
			defaultConfigurationIsVisible = 0;
			defaultConfigurationName = Release;
		};
		A01F59611CA8D1A400DF65A9 /* Build configuration list for PBXNativeTarget "rePrintList" */ = {
			isa = XCConfigurationList;
			buildConfigurations = (
				A01F59621CA8D1A400DF65A9 /* Debug */,
				A01F59631CA8D1A400DF65A9 /* Release */,
			);
			defaultConfigurationIsVisible = 0;
		};
/* End XCConfigurationList section */
	};
	rootObject = A01F59521CA8D1A400DF65A9 /* Project object */;
}
