// !$*UTF8*$!
{
	archiveVersion = 1;
	classes = {
	};
	objectVersion = 46;
	objects = {

/* Begin PBXBuildFile section */
		A0DA97D81CA7A47600183158 /* Array.c in Sources */ = {isa = PBXBuildFile; fileRef = A0DA97D61CA7A47600183158 /* Array.c */; };
		A0DA97DB1CA7BA3D00183158 /* anyType.c in Sources */ = {isa = PBXBuildFile; fileRef = A0DA97D91CA7BA3D00183158 /* anyType.c */; };
		AED8E105C10AE7136BB0DAB2 /* main.m in Sources */ = {isa = PBXBuildFile; fileRef = AED8E05E70E8B8B7EE794FE3 /* main.m */; };
		AED8E945085CC790A97BE16B /* Objcet.c in Sources */ = {isa = PBXBuildFile; fileRef = AED8E8D5E6FE4378C203D434 /* Objcet.c */; };
/* End PBXBuildFile section */

/* Begin PBXCopyFilesBuildPhase section */
		AED8E86A5B8D4154034F3788 /* CopyFiles */ = {
			isa = PBXCopyFilesBuildPhase;
			buildActionMask = 2147483647;
			dstPath = /usr/share/man/man1/;
			dstSubfolderSpec = 0;
			files = (
			);
			runOnlyForDeploymentPostprocessing = 1;
		};
/* End PBXCopyFilesBuildPhase section */

/* Begin PBXFileReference section */
		A0DA97D61CA7A47600183158 /* Array.c */ = {isa = PBXFileReference; fileEncoding = 4; lastKnownFileType = sourcecode.c.c; path = Array.c; sourceTree = "<group>"; };
		A0DA97D71CA7A47600183158 /* Array.h */ = {isa = PBXFileReference; fileEncoding = 4; lastKnownFileType = sourcecode.c.h; path = Array.h; sourceTree = "<group>"; };
		A0DA97D91CA7BA3D00183158 /* anyType.c */ = {isa = PBXFileReference; fileEncoding = 4; lastKnownFileType = sourcecode.c.c; path = anyType.c; sourceTree = "<group>"; };
		A0DA97DA1CA7BA3D00183158 /* anyType.h */ = {isa = PBXFileReference; fileEncoding = 4; lastKnownFileType = sourcecode.c.h; path = anyType.h; sourceTree = "<group>"; };
		AED8E05E70E8B8B7EE794FE3 /* main.m */ = {isa = PBXFileReference; lastKnownFileType = sourcecode.c.objc; path = main.m; sourceTree = "<group>"; };
		AED8E8D5E6FE4378C203D434 /* Objcet.c */ = {isa = PBXFileReference; fileEncoding = 4; lastKnownFileType = sourcecode.c.c; path = Objcet.c; sourceTree = "<group>"; };
		AED8EB3EEDFB6BB28B9808D2 /* Objcet.h */ = {isa = PBXFileReference; fileEncoding = 4; lastKnownFileType = sourcecode.c.h; path = Objcet.h; sourceTree = "<group>"; };
		AED8EDFE293A4D5A2F54837E /* dyArray */ = {isa = PBXFileReference; explicitFileType = "compiled.mach-o.executable"; includeInIndex = 0; path = dyArray; sourceTree = BUILT_PRODUCTS_DIR; };
/* End PBXFileReference section */

/* Begin PBXFrameworksBuildPhase section */
		AED8EC1D454D4E3504B82662 /* Frameworks */ = {
			isa = PBXFrameworksBuildPhase;
			buildActionMask = 2147483647;
			files = (
			);
			runOnlyForDeploymentPostprocessing = 0;
		};
/* End PBXFrameworksBuildPhase section */

/* Begin PBXGroup section */
		AED8E1F04A397E66E29A5314 /* dyArray */ = {
			isa = PBXGroup;
			children = (
				AED8E05E70E8B8B7EE794FE3 /* main.m */,
				AED8E8D5E6FE4378C203D434 /* Objcet.c */,
				AED8EB3EEDFB6BB28B9808D2 /* Objcet.h */,
				A0DA97D91CA7BA3D00183158 /* anyType.c */,
				A0DA97DA1CA7BA3D00183158 /* anyType.h */,
				A0DA97D61CA7A47600183158 /* Array.c */,
				A0DA97D71CA7A47600183158 /* Array.h */,
			);
			path = dyArray;
			sourceTree = "<group>";
		};
		AED8E6329B633CD52A5165F5 = {
			isa = PBXGroup;
			children = (
				AED8EF41BD220BB7BA8CED06 /* Products */,
				AED8E1F04A397E66E29A5314 /* dyArray */,
			);
			sourceTree = "<group>";
		};
		AED8EF41BD220BB7BA8CED06 /* Products */ = {
			isa = PBXGroup;
			children = (
				AED8EDFE293A4D5A2F54837E /* dyArray */,
			);
			name = Products;
			sourceTree = "<group>";
		};
/* End PBXGroup section */

/* Begin PBXNativeTarget section */
		AED8EFBA36D009159790420A /* dyArray */ = {
			isa = PBXNativeTarget;
			buildConfigurationList = AED8E9BC303A32946A0EBF48 /* Build configuration list for PBXNativeTarget "dyArray" */;
			buildPhases = (
				AED8E7A1A43F7F1C94B56CA5 /* Sources */,
				AED8EC1D454D4E3504B82662 /* Frameworks */,
				AED8E86A5B8D4154034F3788 /* CopyFiles */,
			);
			buildRules = (
			);
			dependencies = (
			);
			name = dyArray;
			productName = dyArray;
			productReference = AED8EDFE293A4D5A2F54837E /* dyArray */;
			productType = "com.apple.product-type.tool";
		};
/* End PBXNativeTarget section */

/* Begin PBXProject section */
		AED8ED7016C04FF166A0E94E /* Project object */ = {
			isa = PBXProject;
			attributes = {
				ORGANIZATIONNAME = chenps;
			};
			buildConfigurationList = AED8E7D3B6A2B988B2F816B4 /* Build configuration list for PBXProject "dyArray" */;
			compatibilityVersion = "Xcode 3.2";
			developmentRegion = English;
			hasScannedForEncodings = 0;
			knownRegions = (
				en,
			);
			mainGroup = AED8E6329B633CD52A5165F5;
			productRefGroup = AED8EF41BD220BB7BA8CED06 /* Products */;
			projectDirPath = "";
			projectRoot = "";
			targets = (
				AED8EFBA36D009159790420A /* dyArray */,
			);
		};
/* End PBXProject section */

/* Begin PBXSourcesBuildPhase section */
		AED8E7A1A43F7F1C94B56CA5 /* Sources */ = {
			isa = PBXSourcesBuildPhase;
			buildActionMask = 2147483647;
			files = (
				A0DA97DB1CA7BA3D00183158 /* anyType.c in Sources */,
				AED8E105C10AE7136BB0DAB2 /* main.m in Sources */,
				AED8E945085CC790A97BE16B /* Objcet.c in Sources */,
				A0DA97D81CA7A47600183158 /* Array.c in Sources */,
			);
			runOnlyForDeploymentPostprocessing = 0;
		};
/* End PBXSourcesBuildPhase section */

/* Begin XCBuildConfiguration section */
		AED8E76B9E0FB8B456CED982 /* Debug */ = {
			isa = XCBuildConfiguration;
			buildSettings = {
				ALWAYS_SEARCH_USER_PATHS = NO;
				CLANG_ANALYZER_NONNULL = YES;
				CLANG_CXX_LANGUAGE_STANDARD = "gnu++0x";
				CLANG_CXX_LIBRARY = "libc++";
				CLANG_ENABLE_MODULES = YES;
				CLANG_ENABLE_OBJC_ARC = YES;
				CLANG_WARN_BOOL_CONVERSION = YES;
				CLANG_WARN_CONSTANT_CONVERSION = YES;
				CLANG_WARN_DIRECT_OBJC_ISA_USAGE = YES_ERROR;
				CLANG_WARN_EMPTY_BODY = YES;
				CLANG_WARN_ENUM_CONVERSION = YES;
				CLANG_WARN_INT_CONVERSION = YES;
				CLANG_WARN_OBJC_ROOT_CLASS = YES_ERROR;
				CLANG_WARN_UNREACHABLE_CODE = YES;
				CLANG_WARN__DUPLICATE_METHOD_MATCH = YES;
				CODE_SIGN_IDENTITY = "-";
				COPY_PHASE_STRIP = NO;
				DEBUG_INFORMATION_FORMAT = dwarf;
				ENABLE_STRICT_OBJC_MSGSEND = YES;
				ENABLE_TESTABILITY = YES;
				GCC_C_LANGUAGE_STANDARD = gnu99;
				GCC_DYNAMIC_NO_PIC = NO;
				GCC_NO_COMMON_BLOCKS = YES;
				GCC_OPTIMIZATION_LEVEL = 0;
				GCC_PREPROCESSOR_DEFINITIONS = (
					"DEBUG=1",
					"$(inherited)",
				);
				GCC_WARN_64_TO_32_BIT_CONVERSION = YES;
				GCC_WARN_ABOUT_RETURN_TYPE = YES_ERROR;
				GCC_WARN_UNDECLARED_SELECTOR = YES;
				GCC_WARN_UNINITIALIZED_AUTOS = YES_AGGRESSIVE;
				GCC_WARN_UNUSED_FUNCTION = YES;
				GCC_WARN_UNUSED_VARIABLE = YES;
				MACOSX_DEPLOYMENT_TARGET = 10.11;
				MTL_ENABLE_DEBUG_INFO = YES;
				ONLY_ACTIVE_ARCH = YES;
				SDKROOT = macosx;
			};
			name = Debug;
		};
		AED8E7CB230A4495606AE6C6 /* Release */ = {
			isa = XCBuildConfiguration;
			buildSettings = {
				PRODUCT_NAME = "$(TARGET_NAME)";
			};
			name = Release;
		};
		AED8EBA498C1876FCC87650E /* Release */ = {
			isa = XCBuildConfiguration;
			buildSettings = {
				ALWAYS_SEARCH_USER_PATHS = NO;
				CLANG_ANALYZER_NONNULL = YES;
				CLANG_CXX_LANGUAGE_STANDARD = "gnu++0x";
				CLANG_CXX_LIBRARY = "libc++";
				CLANG_ENABLE_MODULES = YES;
				CLANG_ENABLE_OBJC_ARC = YES;
				CLANG_WARN_BOOL_CONVERSION = YES;
				CLANG_WARN_CONSTANT_CONVERSION = YES;
				CLANG_WARN_DIRECT_OBJC_ISA_USAGE = YES_ERROR;
				CLANG_WARN_EMPTY_BODY = YES;
				CLANG_WARN_ENUM_CONVERSION = YES;
				CLANG_WARN_INT_CONVERSION = YES;
				CLANG_WARN_OBJC_ROOT_CLASS = YES_ERROR;
				CLANG_WARN_UNREACHABLE_CODE = YES;
				CLANG_WARN__DUPLICATE_METHOD_MATCH = YES;
				CODE_SIGN_IDENTITY = "-";
				COPY_PHASE_STRIP = NO;
				DEBUG_INFORMATION_FORMAT = "dwarf-with-dsym";
				ENABLE_NS_ASSERTIONS = NO;
				ENABLE_STRICT_OBJC_MSGSEND = YES;
				GCC_C_LANGUAGE_STANDARD = gnu99;
				GCC_NO_COMMON_BLOCKS = YES;
				GCC_WARN_64_TO_32_BIT_CONVERSION = YES;
				GCC_WARN_ABOUT_RETURN_TYPE = YES_ERROR;
				GCC_WARN_UNDECLARED_SELECTOR = YES;
				GCC_WARN_UNINITIALIZED_AUTOS = YES_AGGRESSIVE;
				GCC_WARN_UNUSED_FUNCTION = YES;
				GCC_WARN_UNUSED_VARIABLE = YES;
				MACOSX_DEPLOYMENT_TARGET = 10.11;
				MTL_ENABLE_DEBUG_INFO = NO;
				SDKROOT = macosx;
			};
			name = Release;
		};
		AED8EE33E9203AE25424641A /* Debug */ = {
			isa = XCBuildConfiguration;
			buildSettings = {
				PRODUCT_NAME = "$(TARGET_NAME)";
			};
			name = Debug;
		};
/* End XCBuildConfiguration section */

/* Begin XCConfigurationList section */
		AED8E7D3B6A2B988B2F816B4 /* Build configuration list for PBXProject "dyArray" */ = {
			isa = XCConfigurationList;
			buildConfigurations = (
				AED8E76B9E0FB8B456CED982 /* Debug */,
				AED8EBA498C1876FCC87650E /* Release */,
			);
			defaultConfigurationIsVisible = 0;
			defaultConfigurationName = Release;
		};
		AED8E9BC303A32946A0EBF48 /* Build configuration list for PBXNativeTarget "dyArray" */ = {
			isa = XCConfigurationList;
			buildConfigurations = (
				AED8EE33E9203AE25424641A /* Debug */,
				AED8E7CB230A4495606AE6C6 /* Release */,
			);
			defaultConfigurationIsVisible = 0;
			defaultConfigurationName = Release;
		};
/* End XCConfigurationList section */
	};
	rootObject = AED8ED7016C04FF166A0E94E /* Project object */;
}
