// !$*UTF8*$!
{
	archiveVersion = 1;
	classes = {
	};
	objectVersion = 46;
	objects = {

/* Begin PBXBuildFile section */
		A00D29701CA965BF00C13BA2 /* main.m in Sources */ = {isa = PBXBuildFile; fileRef = A00D296F1CA965BF00C13BA2 /* main.m */; };
		A00D29781CA965D100C13BA2 /* Object.c in Sources */ = {isa = PBXBuildFile; fileRef = A00D29761CA965D100C13BA2 /* Object.c */; };
		A00D297B1CA9661E00C13BA2 /* Array.c in Sources */ = {isa = PBXBuildFile; fileRef = A00D29791CA9661E00C13BA2 /* Array.c */; };
/* End PBXBuildFile section */

/* Begin PBXCopyFilesBuildPhase section */
		A00D296A1CA965BF00C13BA2 /* CopyFiles */ = {
			isa = PBXCopyFilesBuildPhase;
			buildActionMask = 2147483647;
			dstPath = /usr/share/man/man1/;
			dstSubfolderSpec = 0;
			files = (
			);
			runOnlyForDeploymentPostprocessing = 1;
		};
/* End PBXCopyFilesBuildPhase section */

/* Begin PBXFileReference section */
		A00D296C1CA965BF00C13BA2 /* dyArray */ = {isa = PBXFileReference; explicitFileType = "compiled.mach-o.executable"; includeInIndex = 0; path = dyArray; sourceTree = BUILT_PRODUCTS_DIR; };
		A00D296F1CA965BF00C13BA2 /* main.m */ = {isa = PBXFileReference; lastKnownFileType = sourcecode.c.objc; path = main.m; sourceTree = "<group>"; };
		A00D29761CA965D100C13BA2 /* Object.c */ = {isa = PBXFileReference; fileEncoding = 4; lastKnownFileType = sourcecode.c.c; path = Object.c; sourceTree = "<group>"; };
		A00D29771CA965D100C13BA2 /* Object.h */ = {isa = PBXFileReference; fileEncoding = 4; lastKnownFileType = sourcecode.c.h; path = Object.h; sourceTree = "<group>"; };
		A00D29791CA9661E00C13BA2 /* Array.c */ = {isa = PBXFileReference; fileEncoding = 4; lastKnownFileType = sourcecode.c.c; path = Array.c; sourceTree = "<group>"; };
		A00D297A1CA9661E00C13BA2 /* Array.h */ = {isa = PBXFileReference; fileEncoding = 4; lastKnownFileType = sourcecode.c.h; path = Array.h; sourceTree = "<group>"; };
/* End PBXFileReference section */

/* Begin PBXFrameworksBuildPhase section */
		A00D29691CA965BF00C13BA2 /* Frameworks */ = {
			isa = PBXFrameworksBuildPhase;
			buildActionMask = 2147483647;
			files = (
			);
			runOnlyForDeploymentPostprocessing = 0;
		};
/* End PBXFrameworksBuildPhase section */

/* Begin PBXGroup section */
		A00D29631CA965BF00C13BA2 = {
			isa = PBXGroup;
			children = (
				A00D296E1CA965BF00C13BA2 /* dyArray */,
				A00D296D1CA965BF00C13BA2 /* Products */,
			);
			sourceTree = "<group>";
		};
		A00D296D1CA965BF00C13BA2 /* Products */ = {
			isa = PBXGroup;
			children = (
				A00D296C1CA965BF00C13BA2 /* dyArray */,
			);
			name = Products;
			sourceTree = "<group>";
		};
		A00D296E1CA965BF00C13BA2 /* dyArray */ = {
			isa = PBXGroup;
			children = (
				A00D296F1CA965BF00C13BA2 /* main.m */,
				A00D29791CA9661E00C13BA2 /* Array.c */,
				A00D297A1CA9661E00C13BA2 /* Array.h */,
				A00D29761CA965D100C13BA2 /* Object.c */,
				A00D29771CA965D100C13BA2 /* Object.h */,
			);
			path = dyArray;
			sourceTree = "<group>";
		};
/* End PBXGroup section */

/* Begin PBXNativeTarget section */
		A00D296B1CA965BF00C13BA2 /* dyArray */ = {
			isa = PBXNativeTarget;
			buildConfigurationList = A00D29731CA965BF00C13BA2 /* Build configuration list for PBXNativeTarget "dyArray" */;
			buildPhases = (
				A00D29681CA965BF00C13BA2 /* Sources */,
				A00D29691CA965BF00C13BA2 /* Frameworks */,
				A00D296A1CA965BF00C13BA2 /* CopyFiles */,
			);
			buildRules = (
			);
			dependencies = (
			);
			name = dyArray;
			productName = dyArray;
			productReference = A00D296C1CA965BF00C13BA2 /* dyArray */;
			productType = "com.apple.product-type.tool";
		};
/* End PBXNativeTarget section */

/* Begin PBXProject section */
		A00D29641CA965BF00C13BA2 /* Project object */ = {
			isa = PBXProject;
			attributes = {
				LastUpgradeCheck = 0730;
				ORGANIZATIONNAME = "陈培升";
				TargetAttributes = {
					A00D296B1CA965BF00C13BA2 = {
						CreatedOnToolsVersion = 7.3;
					};
				};
			};
			buildConfigurationList = A00D29671CA965BF00C13BA2 /* Build configuration list for PBXProject "dyArray" */;
			compatibilityVersion = "Xcode 3.2";
			developmentRegion = English;
			hasScannedForEncodings = 0;
			knownRegions = (
				en,
			);
			mainGroup = A00D29631CA965BF00C13BA2;
			productRefGroup = A00D296D1CA965BF00C13BA2 /* Products */;
			projectDirPath = "";
			projectRoot = "";
			targets = (
				A00D296B1CA965BF00C13BA2 /* dyArray */,
			);
		};
/* End PBXProject section */

/* Begin PBXSourcesBuildPhase section */
		A00D29681CA965BF00C13BA2 /* Sources */ = {
			isa = PBXSourcesBuildPhase;
			buildActionMask = 2147483647;
			files = (
				A00D297B1CA9661E00C13BA2 /* Array.c in Sources */,
				A00D29781CA965D100C13BA2 /* Object.c in Sources */,
				A00D29701CA965BF00C13BA2 /* main.m in Sources */,
			);
			runOnlyForDeploymentPostprocessing = 0;
		};
/* End PBXSourcesBuildPhase section */

/* Begin XCBuildConfiguration section */
		A00D29711CA965BF00C13BA2 /* Debug */ = {
			isa = XCBuildConfiguration;
			buildSettings = {
				ALWAYS_SEARCH_USER_PATHS = NO;
				CLANG_ANALYZER_NONNULL = YES;
				CLANG_CXX_LANGUAGE_STANDARD = "gnu++0x";
				CLANG_CXX_LIBRARY = "libc++";
				CLANG_ENABLE_MODULES = YES;
				CLANG_ENABLE_OBJC_ARC = YES;
				CLANG_WARN_BOOL_CONVERSION = YES;
				CLANG_WARN_CONSTANT_CONVERSION = YES;
				CLANG_WARN_DIRECT_OBJC_ISA_USAGE = YES_ERROR;
				CLANG_WARN_EMPTY_BODY = YES;
				CLANG_WARN_ENUM_CONVERSION = YES;
				CLANG_WARN_INT_CONVERSION = YES;
				CLANG_WARN_OBJC_ROOT_CLASS = YES_ERROR;
				CLANG_WARN_UNREACHABLE_CODE = YES;
				CLANG_WARN__DUPLICATE_METHOD_MATCH = YES;
				CODE_SIGN_IDENTITY = "-";
				COPY_PHASE_STRIP = NO;
				DEBUG_INFORMATION_FORMAT = dwarf;
				ENABLE_STRICT_OBJC_MSGSEND = YES;
				ENABLE_TESTABILITY = YES;
				GCC_C_LANGUAGE_STANDARD = gnu99;
				GCC_DYNAMIC_NO_PIC = NO;
				GCC_NO_COMMON_BLOCKS = YES;
				GCC_OPTIMIZATION_LEVEL = 0;
				GCC_PREPROCESSOR_DEFINITIONS = (
					"DEBUG=1",
					"$(inherited)",
				);
				GCC_WARN_64_TO_32_BIT_CONVERSION = YES;
				GCC_WARN_ABOUT_RETURN_TYPE = YES_ERROR;
				GCC_WARN_UNDECLARED_SELECTOR = YES;
				GCC_WARN_UNINITIALIZED_AUTOS = YES_AGGRESSIVE;
				GCC_WARN_UNUSED_FUNCTION = YES;
				GCC_WARN_UNUSED_VARIABLE = YES;
				MACOSX_DEPLOYMENT_TARGET = 10.11;
				MTL_ENABLE_DEBUG_INFO = YES;
				ONLY_ACTIVE_ARCH = YES;
				SDKROOT = macosx;
			};
			name = Debug;
		};
		A00D29721CA965BF00C13BA2 /* Release */ = {
			isa = XCBuildConfiguration;
			buildSettings = {
				ALWAYS_SEARCH_USER_PATHS = NO;
				CLANG_ANALYZER_NONNULL = YES;
				CLANG_CXX_LANGUAGE_STANDARD = "gnu++0x";
				CLANG_CXX_LIBRARY = "libc++";
				CLANG_ENABLE_MODULES = YES;
				CLANG_ENABLE_OBJC_ARC = YES;
				CLANG_WARN_BOOL_CONVERSION = YES;
				CLANG_WARN_CONSTANT_CONVERSION = YES;
				CLANG_WARN_DIRECT_OBJC_ISA_USAGE = YES_ERROR;
				CLANG_WARN_EMPTY_BODY = YES;
				CLANG_WARN_ENUM_CONVERSION = YES;
				CLANG_WARN_INT_CONVERSION = YES;
				CLANG_WARN_OBJC_ROOT_CLASS = YES_ERROR;
				CLANG_WARN_UNREACHABLE_CODE = YES;
				CLANG_WARN__DUPLICATE_METHOD_MATCH = YES;
				CODE_SIGN_IDENTITY = "-";
				COPY_PHASE_STRIP = NO;
				DEBUG_INFORMATION_FORMAT = "dwarf-with-dsym";
				ENABLE_NS_ASSERTIONS = NO;
				ENABLE_STRICT_OBJC_MSGSEND = YES;
				GCC_C_LANGUAGE_STANDARD = gnu99;
				GCC_NO_COMMON_BLOCKS = YES;
				GCC_WARN_64_TO_32_BIT_CONVERSION = YES;
				GCC_WARN_ABOUT_RETURN_TYPE = YES_ERROR;
				GCC_WARN_UNDECLARED_SELECTOR = YES;
				GCC_WARN_UNINITIALIZED_AUTOS = YES_AGGRESSIVE;
				GCC_WARN_UNUSED_FUNCTION = YES;
				GCC_WARN_UNUSED_VARIABLE = YES;
				MACOSX_DEPLOYMENT_TARGET = 10.11;
				MTL_ENABLE_DEBUG_INFO = NO;
				SDKROOT = macosx;
			};
			name = Release;
		};
		A00D29741CA965BF00C13BA2 /* Debug */ = {
			isa = XCBuildConfiguration;
			buildSettings = {
				PRODUCT_NAME = "$(TARGET_NAME)";
			};
			name = Debug;
		};
		A00D29751CA965BF00C13BA2 /* Release */ = {
			isa = XCBuildConfiguration;
			buildSettings = {
				PRODUCT_NAME = "$(TARGET_NAME)";
			};
			name = Release;
		};
/* End XCBuildConfiguration section */

/* Begin XCConfigurationList section */
		A00D29671CA965BF00C13BA2 /* Build configuration list for PBXProject "dyArray" */ = {
			isa = XCConfigurationList;
			buildConfigurations = (
				A00D29711CA965BF00C13BA2 /* Debug */,
				A00D29721CA965BF00C13BA2 /* Release */,
			);
			defaultConfigurationIsVisible = 0;
			defaultConfigurationName = Release;
		};
		A00D29731CA965BF00C13BA2 /* Build configuration list for PBXNativeTarget "dyArray" */ = {
			isa = XCConfigurationList;
			buildConfigurations = (
				A00D29741CA965BF00C13BA2 /* Debug */,
				A00D29751CA965BF00C13BA2 /* Release */,
			);
			defaultConfigurationIsVisible = 0;
		};
/* End XCConfigurationList section */
	};
	rootObject = A00D29641CA965BF00C13BA2 /* Project object */;
}
