// !$*UTF8*$!
{
	archiveVersion = 1;
	classes = {
	};
	objectVersion = 46;
	objects = {

/* Begin PBXBuildFile section */
		A0E3E39B1C8DB65A00A6B5A2 /* main.m in Sources */ = {isa = PBXBuildFile; fileRef = A0E3E39A1C8DB65A00A6B5A2 /* main.m */; };
		A0E3E3A31C8DB6DA00A6B5A2 /* creadNode.m in Sources */ = {isa = PBXBuildFile; fileRef = A0E3E3A21C8DB6DA00A6B5A2 /* creadNode.m */; };
		A0E3E3A51C8DB7AF00A6B5A2 /* printList.m in Sources */ = {isa = PBXBuildFile; fileRef = A0E3E3A41C8DB7AF00A6B5A2 /* printList.m */; };
/* End PBXBuildFile section */

/* Begin PBXCopyFilesBuildPhase section */
		A0E3E3951C8DB65A00A6B5A2 /* CopyFiles */ = {
			isa = PBXCopyFilesBuildPhase;
			buildActionMask = 2147483647;
			dstPath = /usr/share/man/man1/;
			dstSubfolderSpec = 0;
			files = (
			);
			runOnlyForDeploymentPostprocessing = 1;
		};
/* End PBXCopyFilesBuildPhase section */

/* Begin PBXFileReference section */
		A0E3E3971C8DB65A00A6B5A2 /* reLinkedList */ = {isa = PBXFileReference; explicitFileType = "compiled.mach-o.executable"; includeInIndex = 0; path = reLinkedList; sourceTree = BUILT_PRODUCTS_DIR; };
		A0E3E39A1C8DB65A00A6B5A2 /* main.m */ = {isa = PBXFileReference; lastKnownFileType = sourcecode.c.objc; path = main.m; sourceTree = "<group>"; };
		A0E3E3A11C8DB67B00A6B5A2 /* struct.h */ = {isa = PBXFileReference; lastKnownFileType = sourcecode.c.h; path = struct.h; sourceTree = "<group>"; };
		A0E3E3A21C8DB6DA00A6B5A2 /* creadNode.m */ = {isa = PBXFileReference; fileEncoding = 4; lastKnownFileType = sourcecode.c.objc; path = creadNode.m; sourceTree = "<group>"; };
		A0E3E3A41C8DB7AF00A6B5A2 /* printList.m */ = {isa = PBXFileReference; fileEncoding = 4; lastKnownFileType = sourcecode.c.objc; path = printList.m; sourceTree = "<group>"; };
/* End PBXFileReference section */

/* Begin PBXFrameworksBuildPhase section */
		A0E3E3941C8DB65A00A6B5A2 /* Frameworks */ = {
			isa = PBXFrameworksBuildPhase;
			buildActionMask = 2147483647;
			files = (
			);
			runOnlyForDeploymentPostprocessing = 0;
		};
/* End PBXFrameworksBuildPhase section */

/* Begin PBXGroup section */
		A0E3E38E1C8DB65A00A6B5A2 = {
			isa = PBXGroup;
			children = (
				A0E3E3991C8DB65A00A6B5A2 /* reLinkedList */,
				A0E3E3981C8DB65A00A6B5A2 /* Products */,
			);
			sourceTree = "<group>";
		};
		A0E3E3981C8DB65A00A6B5A2 /* Products */ = {
			isa = PBXGroup;
			children = (
				A0E3E3971C8DB65A00A6B5A2 /* reLinkedList */,
			);
			name = Products;
			sourceTree = "<group>";
		};
		A0E3E3991C8DB65A00A6B5A2 /* reLinkedList */ = {
			isa = PBXGroup;
			children = (
				A0E3E39A1C8DB65A00A6B5A2 /* main.m */,
				A0E3E3A11C8DB67B00A6B5A2 /* struct.h */,
				A0E3E3A21C8DB6DA00A6B5A2 /* creadNode.m */,
				A0E3E3A41C8DB7AF00A6B5A2 /* printList.m */,
			);
			path = reLinkedList;
			sourceTree = "<group>";
		};
/* End PBXGroup section */

/* Begin PBXNativeTarget section */
		A0E3E3961C8DB65A00A6B5A2 /* reLinkedList */ = {
			isa = PBXNativeTarget;
			buildConfigurationList = A0E3E39E1C8DB65A00A6B5A2 /* Build configuration list for PBXNativeTarget "reLinkedList" */;
			buildPhases = (
				A0E3E3931C8DB65A00A6B5A2 /* Sources */,
				A0E3E3941C8DB65A00A6B5A2 /* Frameworks */,
				A0E3E3951C8DB65A00A6B5A2 /* CopyFiles */,
			);
			buildRules = (
			);
			dependencies = (
			);
			name = reLinkedList;
			productName = reLinkedList;
			productReference = A0E3E3971C8DB65A00A6B5A2 /* reLinkedList */;
			productType = "com.apple.product-type.tool";
		};
/* End PBXNativeTarget section */

/* Begin PBXProject section */
		A0E3E38F1C8DB65A00A6B5A2 /* Project object */ = {
			isa = PBXProject;
			attributes = {
				LastUpgradeCheck = 0720;
				ORGANIZATIONNAME = "陈培升";
				TargetAttributes = {
					A0E3E3961C8DB65A00A6B5A2 = {
						CreatedOnToolsVersion = 7.2.1;
					};
				};
			};
			buildConfigurationList = A0E3E3921C8DB65A00A6B5A2 /* Build configuration list for PBXProject "reLinkedList" */;
			compatibilityVersion = "Xcode 3.2";
			developmentRegion = English;
			hasScannedForEncodings = 0;
			knownRegions = (
				en,
			);
			mainGroup = A0E3E38E1C8DB65A00A6B5A2;
			productRefGroup = A0E3E3981C8DB65A00A6B5A2 /* Products */;
			projectDirPath = "";
			projectRoot = "";
			targets = (
				A0E3E3961C8DB65A00A6B5A2 /* reLinkedList */,
			);
		};
/* End PBXProject section */

/* Begin PBXSourcesBuildPhase section */
		A0E3E3931C8DB65A00A6B5A2 /* Sources */ = {
			isa = PBXSourcesBuildPhase;
			buildActionMask = 2147483647;
			files = (
				A0E3E39B1C8DB65A00A6B5A2 /* main.m in Sources */,
				A0E3E3A51C8DB7AF00A6B5A2 /* printList.m in Sources */,
				A0E3E3A31C8DB6DA00A6B5A2 /* creadNode.m in Sources */,
			);
			runOnlyForDeploymentPostprocessing = 0;
		};
/* End PBXSourcesBuildPhase section */

/* Begin XCBuildConfiguration section */
		A0E3E39C1C8DB65A00A6B5A2 /* Debug */ = {
			isa = XCBuildConfiguration;
			buildSettings = {
				ALWAYS_SEARCH_USER_PATHS = NO;
				CLANG_CXX_LANGUAGE_STANDARD = "gnu++0x";
				CLANG_CXX_LIBRARY = "libc++";
				CLANG_ENABLE_MODULES = YES;
				CLANG_ENABLE_OBJC_ARC = YES;
				CLANG_WARN_BOOL_CONVERSION = YES;
				CLANG_WARN_CONSTANT_CONVERSION = YES;
				CLANG_WARN_DIRECT_OBJC_ISA_USAGE = YES_ERROR;
				CLANG_WARN_EMPTY_BODY = YES;
				CLANG_WARN_ENUM_CONVERSION = YES;
				CLANG_WARN_INT_CONVERSION = YES;
				CLANG_WARN_OBJC_ROOT_CLASS = YES_ERROR;
				CLANG_WARN_UNREACHABLE_CODE = YES;
				CLANG_WARN__DUPLICATE_METHOD_MATCH = YES;
				CODE_SIGN_IDENTITY = "-";
				COPY_PHASE_STRIP = NO;
				DEBUG_INFORMATION_FORMAT = dwarf;
				ENABLE_STRICT_OBJC_MSGSEND = YES;
				ENABLE_TESTABILITY = YES;
				GCC_C_LANGUAGE_STANDARD = gnu99;
				GCC_DYNAMIC_NO_PIC = NO;
				GCC_NO_COMMON_BLOCKS = YES;
				GCC_OPTIMIZATION_LEVEL = 0;
				GCC_PREPROCESSOR_DEFINITIONS = (
					"DEBUG=1",
					"$(inherited)",
				);
				GCC_WARN_64_TO_32_BIT_CONVERSION = YES;
				GCC_WARN_ABOUT_RETURN_TYPE = YES_ERROR;
				GCC_WARN_UNDECLARED_SELECTOR = YES;
				GCC_WARN_UNINITIALIZED_AUTOS = YES_AGGRESSIVE;
				GCC_WARN_UNUSED_FUNCTION = YES;
				GCC_WARN_UNUSED_VARIABLE = YES;
				MACOSX_DEPLOYMENT_TARGET = 10.11;
				MTL_ENABLE_DEBUG_INFO = YES;
				ONLY_ACTIVE_ARCH = YES;
				SDKROOT = macosx;
			};
			name = Debug;
		};
		A0E3E39D1C8DB65A00A6B5A2 /* Release */ = {
			isa = XCBuildConfiguration;
			buildSettings = {
				ALWAYS_SEARCH_USER_PATHS = NO;
				CLANG_CXX_LANGUAGE_STANDARD = "gnu++0x";
				CLANG_CXX_LIBRARY = "libc++";
				CLANG_ENABLE_MODULES = YES;
				CLANG_ENABLE_OBJC_ARC = YES;
				CLANG_WARN_BOOL_CONVERSION = YES;
				CLANG_WARN_CONSTANT_CONVERSION = YES;
				CLANG_WARN_DIRECT_OBJC_ISA_USAGE = YES_ERROR;
				CLANG_WARN_EMPTY_BODY = YES;
				CLANG_WARN_ENUM_CONVERSION = YES;
				CLANG_WARN_INT_CONVERSION = YES;
				CLANG_WARN_OBJC_ROOT_CLASS = YES_ERROR;
				CLANG_WARN_UNREACHABLE_CODE = YES;
				CLANG_WARN__DUPLICATE_METHOD_MATCH = YES;
				CODE_SIGN_IDENTITY = "-";
				COPY_PHASE_STRIP = NO;
				DEBUG_INFORMATION_FORMAT = "dwarf-with-dsym";
				ENABLE_NS_ASSERTIONS = NO;
				ENABLE_STRICT_OBJC_MSGSEND = YES;
				GCC_C_LANGUAGE_STANDARD = gnu99;
				GCC_NO_COMMON_BLOCKS = YES;
				GCC_WARN_64_TO_32_BIT_CONVERSION = YES;
				GCC_WARN_ABOUT_RETURN_TYPE = YES_ERROR;
				GCC_WARN_UNDECLARED_SELECTOR = YES;
				GCC_WARN_UNINITIALIZED_AUTOS = YES_AGGRESSIVE;
				GCC_WARN_UNUSED_FUNCTION = YES;
				GCC_WARN_UNUSED_VARIABLE = YES;
				MACOSX_DEPLOYMENT_TARGET = 10.11;
				MTL_ENABLE_DEBUG_INFO = NO;
				SDKROOT = macosx;
			};
			name = Release;
		};
		A0E3E39F1C8DB65A00A6B5A2 /* Debug */ = {
			isa = XCBuildConfiguration;
			buildSettings = {
				PRODUCT_NAME = "$(TARGET_NAME)";
			};
			name = Debug;
		};
		A0E3E3A01C8DB65A00A6B5A2 /* Release */ = {
			isa = XCBuildConfiguration;
			buildSettings = {
				PRODUCT_NAME = "$(TARGET_NAME)";
			};
			name = Release;
		};
/* End XCBuildConfiguration section */

/* Begin XCConfigurationList section */
		A0E3E3921C8DB65A00A6B5A2 /* Build configuration list for PBXProject "reLinkedList" */ = {
			isa = XCConfigurationList;
			buildConfigurations = (
				A0E3E39C1C8DB65A00A6B5A2 /* Debug */,
				A0E3E39D1C8DB65A00A6B5A2 /* Release */,
			);
			defaultConfigurationIsVisible = 0;
			defaultConfigurationName = Release;
		};
		A0E3E39E1C8DB65A00A6B5A2 /* Build configuration list for PBXNativeTarget "reLinkedList" */ = {
			isa = XCConfigurationList;
			buildConfigurations = (
				A0E3E39F1C8DB65A00A6B5A2 /* Debug */,
				A0E3E3A01C8DB65A00A6B5A2 /* Release */,
			);
			defaultConfigurationIsVisible = 0;
		};
/* End XCConfigurationList section */
	};
	rootObject = A0E3E38F1C8DB65A00A6B5A2 /* Project object */;
}
